
Microsoft Visual Studio Solution File, Format Version 12.00
# Visual Studio Version 17
VisualStudioVersion = 17.0.31903.59
MinimumVisualStudioVersion = 10.0.40219.1
Project("{FAE04EC0-301F-11D3-BF4B-00C04F79EFBC}") = "ApiGateway", "src\ApiGateway\ApiGateway.csproj", "{484D3834-502D-4394-AF8B-16EE09BBA0F5}"
EndProject
Project("{FAE04EC0-301F-11D3-BF4B-00C04F79EFBC}") = "SubscriptionService", "src\SubscriptionService\SubscriptionService.csproj", "{166223D6-4457-4B53-B78A-3BD332894DCF}"
EndProject
Project("{FAE04EC0-301F-11D3-BF4B-00C04F79EFBC}") = "BillingService", "src\BillingService\BillingService.csproj", "{1F1EA67C-D8FE-4D66-9A24-1DB56F7FFB90}"
EndProject
Project("{FAE04EC0-301F-11D3-BF4B-00C04F79EFBC}") = "BuildingBlocks.Infrastructure", "BuildingBlocks.Infrastructure\BuildingBlocks.Infrastructure.csproj", "{9D294F09-3911-4242-BE3C-0AED936FDF31}"
EndProject
Global
	GlobalSection(SolutionConfigurationPlatforms) = preSolution
		Debug|Any CPU = Debug|Any CPU
		Release|Any CPU = Release|Any CPU
	EndGlobalSection
	GlobalSection(ProjectConfigurationPlatforms) = postSolution
		{484D3834-502D-4394-AF8B-16EE09BBA0F5}.Debug|Any CPU.ActiveCfg = Debug|Any CPU
		{484D3834-502D-4394-AF8B-16EE09BBA0F5}.Debug|Any CPU.Build.0 = Debug|Any CPU
		{484D3834-502D-4394-AF8B-16EE09BBA0F5}.Release|Any CPU.ActiveCfg = Release|Any CPU
		{484D3834-502D-4394-AF8B-16EE09BBA0F5}.Release|Any CPU.Build.0 = Release|Any CPU
		{166223D6-4457-4B53-B78A-3BD332894DCF}.Debug|Any CPU.ActiveCfg = Debug|Any CPU
		{166223D6-4457-4B53-B78A-3BD332894DCF}.Debug|Any CPU.Build.0 = Debug|Any CPU
		{166223D6-4457-4B53-B78A-3BD332894DCF}.Release|Any CPU.ActiveCfg = Release|Any CPU
		{166223D6-4457-4B53-B78A-3BD332894DCF}.Release|Any CPU.Build.0 = Release|Any CPU
		{1F1EA67C-D8FE-4D66-9A24-1DB56F7FFB90}.Debug|Any CPU.ActiveCfg = Debug|Any CPU
		{1F1EA67C-D8FE-4D66-9A24-1DB56F7FFB90}.Debug|Any CPU.Build.0 = Debug|Any CPU
		{1F1EA67C-D8FE-4D66-9A24-1DB56F7FFB90}.Release|Any CPU.ActiveCfg = Release|Any CPU
		{1F1EA67C-D8FE-4D66-9A24-1DB56F7FFB90}.Release|Any CPU.Build.0 = Release|Any CPU
		{9D294F09-3911-4242-BE3C-0AED936FDF31}.Debug|Any CPU.ActiveCfg = Debug|Any CPU
		{9D294F09-3911-4242-BE3C-0AED936FDF31}.Debug|Any CPU.Build.0 = Debug|Any CPU
		{9D294F09-3911-4242-BE3C-0AED936FDF31}.Release|Any CPU.ActiveCfg = Release|Any CPU
		{9D294F09-3911-4242-BE3C-0AED936FDF31}.Release|Any CPU.Build.0 = Release|Any CPU
	EndGlobalSection
	GlobalSection(SolutionProperties) = preSolution
		HideSolutionNode = FALSE
	EndGlobalSection
	GlobalSection(ExtensibilityGlobals) = postSolution
		SolutionGuid = {FC68A334-3D4F-4988-A4B0-160E077077FD}
	EndGlobalSection
EndGlobal
