
Microsoft Visual Studio Solution File, Format Version 12.00
# Visual Studio Version 17
VisualStudioVersion = 17.0.31903.59
MinimumVisualStudioVersion = 10.0.40219.1
Project("{FAE04EC0-301F-11D3-BF4B-00C04F79EFBC}") = "ApiGateway", "src\ApiGateway\ApiGateway.csproj", "{484D3834-502D-4394-AF8B-16EE09BBA0F5}"
EndProject
Project("{FAE04EC0-301F-11D3-BF4B-00C04F79EFBC}") = "SubscriptionService.API", "src\SubscriptionService\SubscriptionService.API.csproj", "{166223D6-4457-4B53-B78A-3BD332894DCF}"
EndProject
Project("{FAE04EC0-301F-11D3-BF4B-00C04F79EFBC}") = "BillingService", "src\BillingService\BillingService.csproj", "{1F1EA67C-D8FE-4D66-9A24-1DB56F7FFB90}"
EndProject
Project("{FAE04EC0-301F-11D3-BF4B-00C04F79EFBC}") = "BuildingBlocks.Infrastructure", "src\BuildingBlocks.Infrastructure\BuildingBlocks.Infrastructure.csproj", "{C5799F08-E1BD-617B-613A-8E494769E3B8}"
EndProject
Project("{FAE04EC0-301F-11D3-BF4B-00C04F79EFBC}") = "SubscriptionService.Domain", "src\SubscriptionService.Domain\SubscriptionService.Domain.csproj", "{2755EA36-DD10-4300-8BDE-C3464DB1538C}"
EndProject
Project("{FAE04EC0-301F-11D3-BF4B-00C04F79EFBC}") = "SubscriptionService.Application", "src\SubscriptionService.Application\SubscriptionService.Application.csproj", "{798AFDB0-1232-48A0-BF74-7CBD6935A40C}"
EndProject
Project("{FAE04EC0-301F-11D3-BF4B-00C04F79EFBC}") = "SubscriptionService.Infrastructure", "src\SubscriptionService.Infrastructure\SubscriptionService.Infrastructure.csproj", "{348AA867-3FCA-4694-BC35-ADFEE4DBBA0C}"
EndProject
Project("{FAE04EC0-301F-11D3-BF4B-00C04F79EFBC}") = "SubscriptionService.Contracts", "src\SubscriptionService.Contracts\SubscriptionService.Contracts.csproj", "{A4651D32-222F-4ED3-9DBD-DE652790CB50}"
EndProject
Project("{FAE04EC0-301F-11D3-BF4B-00C04F79EFBC}") = "AuthService.API", "src\AuthService\AuthService.API\AuthService.API.csproj", "{AFCED15B-1B51-484F-A6CE-46D42D1CCCCE}"
EndProject
Project("{2150E333-8FDC-42A3-9474-1A3956D46DE8}") = "AuthServices", "AuthServices", "{02EA681E-C7D8-13C7-8484-4AC65E1B71E8}"
EndProject
Project("{2150E333-8FDC-42A3-9474-1A3956D46DE8}") = "SubscriptionServices", "SubscriptionServices", "{AECC8AF9-7F28-40AB-AAD1-FCEAD43996D8}"
EndProject
Project("{2150E333-8FDC-42A3-9474-1A3956D46DE8}") = "GatewayServices", "GatewayServices", "{ECB936CC-F727-42B8-9140-9A02564883BD}"
EndProject
Project("{2150E333-8FDC-42A3-9474-1A3956D46DE8}") = "BillingServices", "BillingServices", "{280620CD-6E8E-4AD7-A981-9DF986040CE5}"
EndProject
Project("{2150E333-8FDC-42A3-9474-1A3956D46DE8}") = "Global", "Global", "{F02F7FBB-60AE-4F26-B49F-6CE6FDB52486}"
EndProject
Project("{FAE04EC0-301F-11D3-BF4B-00C04F79EFBC}") = "AuthService.Domain", "src\AuthService\AuthService.Domain\AuthService.Domain.csproj", "{85E98431-7EDE-4F1E-8BC4-34033275C02E}"
EndProject
Project("{FAE04EC0-301F-11D3-BF4B-00C04F79EFBC}") = "AuthService.Application", "src\AuthService\AuthService.Application\AuthService.Application.csproj", "{0B9D4FE8-54AD-4B48-9FBA-078832A8B0B2}"
EndProject
Project("{FAE04EC0-301F-11D3-BF4B-00C04F79EFBC}") = "AuthService.Infrastructure", "src\AuthService\AuthService.Infrastructure\AuthService.Infrastructure.csproj", "{7626E0BF-1B64-4076-8BA4-82D53CE3883F}"
EndProject
Project("{2150E333-8FDC-42A3-9474-1A3956D46DE8}") = "Solution Items", "Solution Items", "{8EC462FD-D22E-90A8-E5CE-7E832BA40C5D}"
	ProjectSection(SolutionItems) = preProject
		docker-compose.yml = docker-compose.yml
	EndProjectSection
EndProject
Global
	GlobalSection(SolutionConfigurationPlatforms) = preSolution
		Debug|Any CPU = Debug|Any CPU
		Release|Any CPU = Release|Any CPU
	EndGlobalSection
	GlobalSection(ProjectConfigurationPlatforms) = postSolution
		{484D3834-502D-4394-AF8B-16EE09BBA0F5}.Debug|Any CPU.ActiveCfg = Debug|Any CPU
		{484D3834-502D-4394-AF8B-16EE09BBA0F5}.Debug|Any CPU.Build.0 = Debug|Any CPU
		{484D3834-502D-4394-AF8B-16EE09BBA0F5}.Release|Any CPU.ActiveCfg = Release|Any CPU
		{484D3834-502D-4394-AF8B-16EE09BBA0F5}.Release|Any CPU.Build.0 = Release|Any CPU
		{166223D6-4457-4B53-B78A-3BD332894DCF}.Debug|Any CPU.ActiveCfg = Debug|Any CPU
		{166223D6-4457-4B53-B78A-3BD332894DCF}.Debug|Any CPU.Build.0 = Debug|Any CPU
		{166223D6-4457-4B53-B78A-3BD332894DCF}.Release|Any CPU.ActiveCfg = Release|Any CPU
		{166223D6-4457-4B53-B78A-3BD332894DCF}.Release|Any CPU.Build.0 = Release|Any CPU
		{1F1EA67C-D8FE-4D66-9A24-1DB56F7FFB90}.Debug|Any CPU.ActiveCfg = Debug|Any CPU
		{1F1EA67C-D8FE-4D66-9A24-1DB56F7FFB90}.Debug|Any CPU.Build.0 = Debug|Any CPU
		{1F1EA67C-D8FE-4D66-9A24-1DB56F7FFB90}.Release|Any CPU.ActiveCfg = Release|Any CPU
		{1F1EA67C-D8FE-4D66-9A24-1DB56F7FFB90}.Release|Any CPU.Build.0 = Release|Any CPU
		{C5799F08-E1BD-617B-613A-8E494769E3B8}.Debug|Any CPU.ActiveCfg = Debug|Any CPU
		{C5799F08-E1BD-617B-613A-8E494769E3B8}.Debug|Any CPU.Build.0 = Debug|Any CPU
		{C5799F08-E1BD-617B-613A-8E494769E3B8}.Release|Any CPU.ActiveCfg = Release|Any CPU
		{C5799F08-E1BD-617B-613A-8E494769E3B8}.Release|Any CPU.Build.0 = Release|Any CPU
		{2755EA36-DD10-4300-8BDE-C3464DB1538C}.Debug|Any CPU.ActiveCfg = Debug|Any CPU
		{2755EA36-DD10-4300-8BDE-C3464DB1538C}.Debug|Any CPU.Build.0 = Debug|Any CPU
		{2755EA36-DD10-4300-8BDE-C3464DB1538C}.Release|Any CPU.ActiveCfg = Release|Any CPU
		{2755EA36-DD10-4300-8BDE-C3464DB1538C}.Release|Any CPU.Build.0 = Release|Any CPU
		{798AFDB0-1232-48A0-BF74-7CBD6935A40C}.Debug|Any CPU.ActiveCfg = Debug|Any CPU
		{798AFDB0-1232-48A0-BF74-7CBD6935A40C}.Debug|Any CPU.Build.0 = Debug|Any CPU
		{798AFDB0-1232-48A0-BF74-7CBD6935A40C}.Release|Any CPU.ActiveCfg = Release|Any CPU
		{798AFDB0-1232-48A0-BF74-7CBD6935A40C}.Release|Any CPU.Build.0 = Release|Any CPU
		{348AA867-3FCA-4694-BC35-ADFEE4DBBA0C}.Debug|Any CPU.ActiveCfg = Debug|Any CPU
		{348AA867-3FCA-4694-BC35-ADFEE4DBBA0C}.Debug|Any CPU.Build.0 = Debug|Any CPU
		{348AA867-3FCA-4694-BC35-ADFEE4DBBA0C}.Release|Any CPU.ActiveCfg = Release|Any CPU
		{348AA867-3FCA-4694-BC35-ADFEE4DBBA0C}.Release|Any CPU.Build.0 = Release|Any CPU
		{A4651D32-222F-4ED3-9DBD-DE652790CB50}.Debug|Any CPU.ActiveCfg = Debug|Any CPU
		{A4651D32-222F-4ED3-9DBD-DE652790CB50}.Debug|Any CPU.Build.0 = Debug|Any CPU
		{A4651D32-222F-4ED3-9DBD-DE652790CB50}.Release|Any CPU.ActiveCfg = Release|Any CPU
		{A4651D32-222F-4ED3-9DBD-DE652790CB50}.Release|Any CPU.Build.0 = Release|Any CPU
		{AFCED15B-1B51-484F-A6CE-46D42D1CCCCE}.Debug|Any CPU.ActiveCfg = Debug|Any CPU
		{AFCED15B-1B51-484F-A6CE-46D42D1CCCCE}.Debug|Any CPU.Build.0 = Debug|Any CPU
		{AFCED15B-1B51-484F-A6CE-46D42D1CCCCE}.Release|Any CPU.ActiveCfg = Release|Any CPU
		{AFCED15B-1B51-484F-A6CE-46D42D1CCCCE}.Release|Any CPU.Build.0 = Release|Any CPU
		{85E98431-7EDE-4F1E-8BC4-34033275C02E}.Debug|Any CPU.ActiveCfg = Debug|Any CPU
		{85E98431-7EDE-4F1E-8BC4-34033275C02E}.Debug|Any CPU.Build.0 = Debug|Any CPU
		{85E98431-7EDE-4F1E-8BC4-34033275C02E}.Release|Any CPU.ActiveCfg = Release|Any CPU
		{85E98431-7EDE-4F1E-8BC4-34033275C02E}.Release|Any CPU.Build.0 = Release|Any CPU
		{0B9D4FE8-54AD-4B48-9FBA-078832A8B0B2}.Debug|Any CPU.ActiveCfg = Debug|Any CPU
		{0B9D4FE8-54AD-4B48-9FBA-078832A8B0B2}.Debug|Any CPU.Build.0 = Debug|Any CPU
		{0B9D4FE8-54AD-4B48-9FBA-078832A8B0B2}.Release|Any CPU.ActiveCfg = Release|Any CPU
		{0B9D4FE8-54AD-4B48-9FBA-078832A8B0B2}.Release|Any CPU.Build.0 = Release|Any CPU
		{7626E0BF-1B64-4076-8BA4-82D53CE3883F}.Debug|Any CPU.ActiveCfg = Debug|Any CPU
		{7626E0BF-1B64-4076-8BA4-82D53CE3883F}.Debug|Any CPU.Build.0 = Debug|Any CPU
		{7626E0BF-1B64-4076-8BA4-82D53CE3883F}.Release|Any CPU.ActiveCfg = Release|Any CPU
		{7626E0BF-1B64-4076-8BA4-82D53CE3883F}.Release|Any CPU.Build.0 = Release|Any CPU
	EndGlobalSection
	GlobalSection(SolutionProperties) = preSolution
		HideSolutionNode = FALSE
	EndGlobalSection
	GlobalSection(NestedProjects) = preSolution
		{484D3834-502D-4394-AF8B-16EE09BBA0F5} = {ECB936CC-F727-42B8-9140-9A02564883BD}
		{166223D6-4457-4B53-B78A-3BD332894DCF} = {AECC8AF9-7F28-40AB-AAD1-FCEAD43996D8}
		{1F1EA67C-D8FE-4D66-9A24-1DB56F7FFB90} = {280620CD-6E8E-4AD7-A981-9DF986040CE5}
		{C5799F08-E1BD-617B-613A-8E494769E3B8} = {F02F7FBB-60AE-4F26-B49F-6CE6FDB52486}
		{2755EA36-DD10-4300-8BDE-C3464DB1538C} = {AECC8AF9-7F28-40AB-AAD1-FCEAD43996D8}
		{798AFDB0-1232-48A0-BF74-7CBD6935A40C} = {AECC8AF9-7F28-40AB-AAD1-FCEAD43996D8}
		{348AA867-3FCA-4694-BC35-ADFEE4DBBA0C} = {AECC8AF9-7F28-40AB-AAD1-FCEAD43996D8}
		{A4651D32-222F-4ED3-9DBD-DE652790CB50} = {AECC8AF9-7F28-40AB-AAD1-FCEAD43996D8}
		{AFCED15B-1B51-484F-A6CE-46D42D1CCCCE} = {02EA681E-C7D8-13C7-8484-4AC65E1B71E8}
		{85E98431-7EDE-4F1E-8BC4-34033275C02E} = {02EA681E-C7D8-13C7-8484-4AC65E1B71E8}
		{0B9D4FE8-54AD-4B48-9FBA-078832A8B0B2} = {02EA681E-C7D8-13C7-8484-4AC65E1B71E8}
		{7626E0BF-1B64-4076-8BA4-82D53CE3883F} = {02EA681E-C7D8-13C7-8484-4AC65E1B71E8}
	EndGlobalSection
	GlobalSection(ExtensibilityGlobals) = postSolution
		SolutionGuid = {FC68A334-3D4F-4988-A4B0-160E077077FD}
	EndGlobalSection
EndGlobal
